
Microsoft Visual Studio Solution File, Format Version 12.00
# Visual Studio 15
VisualStudioVersion = 15.0.27703.2000
MinimumVisualStudioVersion = 10.0.40219.1
Project("{9A19103F-16F7-4668-BE54-9A1E7A4F7556}") = "OpenPoseDotNet", "src\OpenPoseDotNet\OpenPoseDotNet.csproj", "{99763047-1EE3-4804-ADF4-FAF5C2057672}"
EndProject
Project("{2150E333-8FDC-42A3-9474-1A3956D46DE8}") = "src", "src", "{4BB280BB-984E-45EB-BA07-FA9D0FC33C99}"
EndProject
Project("{2150E333-8FDC-42A3-9474-1A3956D46DE8}") = "test", "test", "{D27EF7A1-857E-4475-9ABE-66060D67D0A2}"
EndProject
Project("{FAE04EC0-301F-11D3-BF4B-00C04F79EFBC}") = "OpenPoseDotNet.Tests", "test\OpenPoseDotNet.Tests\OpenPoseDotNet.Tests.csproj", "{98BAFFFB-8FEB-4ECB-81FC-E0C43B350996}"
EndProject
Project("{2150E333-8FDC-42A3-9474-1A3956D46DE8}") = "examples", "examples", "{80F0C80F-FB14-4064-BA6A-13999DF04660}"
EndProject
Project("{2150E333-8FDC-42A3-9474-1A3956D46DE8}") = "Tutorial", "Tutorial", "{9636645D-A6CD-44A2-B8B0-C3EA476F047F}"
EndProject
Project("{9A19103F-16F7-4668-BE54-9A1E7A4F7556}") = "1_BodyFromImage", "examples\Tutorial\1_BodyFromImage\1_BodyFromImage.csproj", "{D4C5BF0F-1C53-4521-B5B0-A7DED48C6A51}"
EndProject
Project("{9A19103F-16F7-4668-BE54-9A1E7A4F7556}") = "2_WholeBodyFromImage", "examples\Tutorial\2_WholeBodyFromImage\2_WholeBodyFromImage.csproj", "{E12E5F2E-BD3A-447E-BA61-31B2658D6E61}"
EndProject
Project("{9A19103F-16F7-4668-BE54-9A1E7A4F7556}") = "3_KeyPointsFromImageConfigurable", "examples\Tutorial\3_KeyPointsFromImageConfigurable\3_KeyPointsFromImageConfigurable.csproj", "{DDEC0B42-56D6-48B5-AE57-9D6B066AE494}"
EndProject
Project("{9A19103F-16F7-4668-BE54-9A1E7A4F7556}") = "OpenPoseDemo", "examples\OpenPoseDemo\OpenPoseDemo.csproj", "{06D51F05-34B9-4743-93BD-3092C922F306}"
EndProject
Project("{2150E333-8FDC-42A3-9474-1A3956D46DE8}") = "TutorialAddModule", "TutorialAddModule", "{A36BBD14-61FC-4E14-92A5-6130781D9AD6}"
EndProject
Project("{9A19103F-16F7-4668-BE54-9A1E7A4F7556}") = "1_CustomPostProcessing", "examples\TutorialAddModule\1_CustomPostProcessing\1_CustomPostProcessing.csproj", "{C364DC69-295D-4897-A8F9-27822AEC83DB}"
EndProject
Project("{2150E333-8FDC-42A3-9474-1A3956D46DE8}") = "TutorialDeveloper", "TutorialDeveloper", "{6F92A36C-28EB-4D84-9CB1-3ADD31A2AAAF}"
EndProject
Project("{9A19103F-16F7-4668-BE54-9A1E7A4F7556}") = "Pose1_ExtractFromImage", "examples\TutorialDeveloper\Pose1_ExtractFromImage\Pose1_ExtractFromImage.csproj", "{91F84E98-C9BB-4F45-B2EB-48A81510C4FA}"
EndProject
Project("{9A19103F-16F7-4668-BE54-9A1E7A4F7556}") = "Pose2_ExtractPoseOrHeatmatFromImage", "examples\TutorialDeveloper\Pose2_ExtractPoseOrHeatmatFromImage\Pose2_ExtractPoseOrHeatmatFromImage.csproj", "{95CADA78-0D0A-43F6-85BA-F62B2E502B70}"
EndProject
Project("{9A19103F-16F7-4668-BE54-9A1E7A4F7556}") = "Thread1_OpenPoseReadAndDisplay", "examples\TutorialDeveloper\Thread1_OpenPoseReadAndDisplay\Thread1_OpenPoseReadAndDisplay.csproj", "{AB105522-5C8C-4A0B-8B3C-CC10DE6247D5}"
EndProject
Project("{9A19103F-16F7-4668-BE54-9A1E7A4F7556}") = "Thread2_UserProcessingFunction", "examples\TutorialDeveloper\Thread2_UserProcessingFunction\Thread2_UserProcessingFunction.csproj", "{AC1046B5-6759-4265-9F92-FD8125CA9E31}"
EndProject
Global
	GlobalSection(SolutionConfigurationPlatforms) = preSolution
		Debug|Any CPU = Debug|Any CPU
		Release|Any CPU = Release|Any CPU
	EndGlobalSection
	GlobalSection(ProjectConfigurationPlatforms) = postSolution
		{99763047-1EE3-4804-ADF4-FAF5C2057672}.Debug|Any CPU.ActiveCfg = Debug|Any CPU
		{99763047-1EE3-4804-ADF4-FAF5C2057672}.Debug|Any CPU.Build.0 = Debug|Any CPU
		{99763047-1EE3-4804-ADF4-FAF5C2057672}.Release|Any CPU.ActiveCfg = Release|Any CPU
		{99763047-1EE3-4804-ADF4-FAF5C2057672}.Release|Any CPU.Build.0 = Release|Any CPU
		{98BAFFFB-8FEB-4ECB-81FC-E0C43B350996}.Debug|Any CPU.ActiveCfg = Debug|Any CPU
		{98BAFFFB-8FEB-4ECB-81FC-E0C43B350996}.Debug|Any CPU.Build.0 = Debug|Any CPU
		{98BAFFFB-8FEB-4ECB-81FC-E0C43B350996}.Release|Any CPU.ActiveCfg = Release|Any CPU
		{98BAFFFB-8FEB-4ECB-81FC-E0C43B350996}.Release|Any CPU.Build.0 = Release|Any CPU
		{D4C5BF0F-1C53-4521-B5B0-A7DED48C6A51}.Debug|Any CPU.ActiveCfg = Debug|Any CPU
		{D4C5BF0F-1C53-4521-B5B0-A7DED48C6A51}.Debug|Any CPU.Build.0 = Debug|Any CPU
		{D4C5BF0F-1C53-4521-B5B0-A7DED48C6A51}.Release|Any CPU.ActiveCfg = Release|Any CPU
		{D4C5BF0F-1C53-4521-B5B0-A7DED48C6A51}.Release|Any CPU.Build.0 = Release|Any CPU
		{E12E5F2E-BD3A-447E-BA61-31B2658D6E61}.Debug|Any CPU.ActiveCfg = Debug|Any CPU
		{E12E5F2E-BD3A-447E-BA61-31B2658D6E61}.Debug|Any CPU.Build.0 = Debug|Any CPU
		{E12E5F2E-BD3A-447E-BA61-31B2658D6E61}.Release|Any CPU.ActiveCfg = Release|Any CPU
		{E12E5F2E-BD3A-447E-BA61-31B2658D6E61}.Release|Any CPU.Build.0 = Release|Any CPU
		{DDEC0B42-56D6-48B5-AE57-9D6B066AE494}.Debug|Any CPU.ActiveCfg = Debug|Any CPU
		{DDEC0B42-56D6-48B5-AE57-9D6B066AE494}.Debug|Any CPU.Build.0 = Debug|Any CPU
		{DDEC0B42-56D6-48B5-AE57-9D6B066AE494}.Release|Any CPU.ActiveCfg = Release|Any CPU
		{DDEC0B42-56D6-48B5-AE57-9D6B066AE494}.Release|Any CPU.Build.0 = Release|Any CPU
		{06D51F05-34B9-4743-93BD-3092C922F306}.Debug|Any CPU.ActiveCfg = Debug|Any CPU
		{06D51F05-34B9-4743-93BD-3092C922F306}.Debug|Any CPU.Build.0 = Debug|Any CPU
		{06D51F05-34B9-4743-93BD-3092C922F306}.Release|Any CPU.ActiveCfg = Release|Any CPU
		{06D51F05-34B9-4743-93BD-3092C922F306}.Release|Any CPU.Build.0 = Release|Any CPU
		{C364DC69-295D-4897-A8F9-27822AEC83DB}.Debug|Any CPU.ActiveCfg = Debug|Any CPU
		{C364DC69-295D-4897-A8F9-27822AEC83DB}.Debug|Any CPU.Build.0 = Debug|Any CPU
		{C364DC69-295D-4897-A8F9-27822AEC83DB}.Release|Any CPU.ActiveCfg = Release|Any CPU
		{C364DC69-295D-4897-A8F9-27822AEC83DB}.Release|Any CPU.Build.0 = Release|Any CPU
		{91F84E98-C9BB-4F45-B2EB-48A81510C4FA}.Debug|Any CPU.ActiveCfg = Debug|Any CPU
		{91F84E98-C9BB-4F45-B2EB-48A81510C4FA}.Debug|Any CPU.Build.0 = Debug|Any CPU
		{91F84E98-C9BB-4F45-B2EB-48A81510C4FA}.Release|Any CPU.ActiveCfg = Release|Any CPU
		{91F84E98-C9BB-4F45-B2EB-48A81510C4FA}.Release|Any CPU.Build.0 = Release|Any CPU
		{95CADA78-0D0A-43F6-85BA-F62B2E502B70}.Debug|Any CPU.ActiveCfg = Debug|Any CPU
		{95CADA78-0D0A-43F6-85BA-F62B2E502B70}.Debug|Any CPU.Build.0 = Debug|Any CPU
		{95CADA78-0D0A-43F6-85BA-F62B2E502B70}.Release|Any CPU.ActiveCfg = Release|Any CPU
		{95CADA78-0D0A-43F6-85BA-F62B2E502B70}.Release|Any CPU.Build.0 = Release|Any CPU
		{AB105522-5C8C-4A0B-8B3C-CC10DE6247D5}.Debug|Any CPU.ActiveCfg = Debug|Any CPU
		{AB105522-5C8C-4A0B-8B3C-CC10DE6247D5}.Debug|Any CPU.Build.0 = Debug|Any CPU
		{AB105522-5C8C-4A0B-8B3C-CC10DE6247D5}.Release|Any CPU.ActiveCfg = Release|Any CPU
		{AB105522-5C8C-4A0B-8B3C-CC10DE6247D5}.Release|Any CPU.Build.0 = Release|Any CPU
		{AC1046B5-6759-4265-9F92-FD8125CA9E31}.Debug|Any CPU.ActiveCfg = Debug|Any CPU
		{AC1046B5-6759-4265-9F92-FD8125CA9E31}.Debug|Any CPU.Build.0 = Debug|Any CPU
		{AC1046B5-6759-4265-9F92-FD8125CA9E31}.Release|Any CPU.ActiveCfg = Release|Any CPU
		{AC1046B5-6759-4265-9F92-FD8125CA9E31}.Release|Any CPU.Build.0 = Release|Any CPU
	EndGlobalSection
	GlobalSection(SolutionProperties) = preSolution
		HideSolutionNode = FALSE
	EndGlobalSection
	GlobalSection(NestedProjects) = preSolution
		{99763047-1EE3-4804-ADF4-FAF5C2057672} = {4BB280BB-984E-45EB-BA07-FA9D0FC33C99}
		{98BAFFFB-8FEB-4ECB-81FC-E0C43B350996} = {D27EF7A1-857E-4475-9ABE-66060D67D0A2}
		{9636645D-A6CD-44A2-B8B0-C3EA476F047F} = {80F0C80F-FB14-4064-BA6A-13999DF04660}
		{D4C5BF0F-1C53-4521-B5B0-A7DED48C6A51} = {9636645D-A6CD-44A2-B8B0-C3EA476F047F}
		{E12E5F2E-BD3A-447E-BA61-31B2658D6E61} = {9636645D-A6CD-44A2-B8B0-C3EA476F047F}
		{DDEC0B42-56D6-48B5-AE57-9D6B066AE494} = {9636645D-A6CD-44A2-B8B0-C3EA476F047F}
		{06D51F05-34B9-4743-93BD-3092C922F306} = {80F0C80F-FB14-4064-BA6A-13999DF04660}
		{A36BBD14-61FC-4E14-92A5-6130781D9AD6} = {80F0C80F-FB14-4064-BA6A-13999DF04660}
		{C364DC69-295D-4897-A8F9-27822AEC83DB} = {A36BBD14-61FC-4E14-92A5-6130781D9AD6}
		{6F92A36C-28EB-4D84-9CB1-3ADD31A2AAAF} = {80F0C80F-FB14-4064-BA6A-13999DF04660}
		{91F84E98-C9BB-4F45-B2EB-48A81510C4FA} = {6F92A36C-28EB-4D84-9CB1-3ADD31A2AAAF}
		{95CADA78-0D0A-43F6-85BA-F62B2E502B70} = {6F92A36C-28EB-4D84-9CB1-3ADD31A2AAAF}
		{AB105522-5C8C-4A0B-8B3C-CC10DE6247D5} = {6F92A36C-28EB-4D84-9CB1-3ADD31A2AAAF}
		{AC1046B5-6759-4265-9F92-FD8125CA9E31} = {6F92A36C-28EB-4D84-9CB1-3ADD31A2AAAF}
	EndGlobalSection
	GlobalSection(ExtensibilityGlobals) = postSolution
		SolutionGuid = {9D8118C7-92BF-487E-83ED-EFB9BF807E08}
	EndGlobalSection
EndGlobal
