
Microsoft Visual Studio Solution File, Format Version 12.00
# Visual Studio Version 16
VisualStudioVersion = 16.0.30204.135
MinimumVisualStudioVersion = 10.0.40219.1
Project("{9A19103F-16F7-4668-BE54-9A1E7A4F7556}") = "OpenPoseDotNet", "src\OpenPoseDotNet\OpenPoseDotNet.csproj", "{99763047-1EE3-4804-ADF4-FAF5C2057672}"
EndProject
Project("{2150E333-8FDC-42A3-9474-1A3956D46DE8}") = "src", "src", "{4BB280BB-984E-45EB-BA07-FA9D0FC33C99}"
EndProject
Project("{2150E333-8FDC-42A3-9474-1A3956D46DE8}") = "test", "test", "{D27EF7A1-857E-4475-9ABE-66060D67D0A2}"
EndProject
Project("{FAE04EC0-301F-11D3-BF4B-00C04F79EFBC}") = "OpenPoseDotNet.Tests", "test\OpenPoseDotNet.Tests\OpenPoseDotNet.Tests.csproj", "{98BAFFFB-8FEB-4ECB-81FC-E0C43B350996}"
EndProject
Project("{2150E333-8FDC-42A3-9474-1A3956D46DE8}") = "examples", "examples", "{80F0C80F-FB14-4064-BA6A-13999DF04660}"
EndProject
Project("{2150E333-8FDC-42A3-9474-1A3956D46DE8}") = "TutorialApiCpp", "TutorialApiCpp", "{9636645D-A6CD-44A2-B8B0-C3EA476F047F}"
EndProject
Project("{9A19103F-16F7-4668-BE54-9A1E7A4F7556}") = "OpenPoseDemo", "examples\OpenPoseDemo\OpenPoseDemo.csproj", "{06D51F05-34B9-4743-93BD-3092C922F306}"
EndProject
Project("{2150E333-8FDC-42A3-9474-1A3956D46DE8}") = "TutorialAddModule", "TutorialAddModule", "{A36BBD14-61FC-4E14-92A5-6130781D9AD6}"
EndProject
Project("{9A19103F-16F7-4668-BE54-9A1E7A4F7556}") = "1_CustomPostProcessing", "examples\TutorialAddModule\1_CustomPostProcessing\1_CustomPostProcessing.csproj", "{C364DC69-295D-4897-A8F9-27822AEC83DB}"
EndProject
Project("{9A19103F-16F7-4668-BE54-9A1E7A4F7556}") = "01_BodyFromImageDefault", "examples\TutorialApiCpp\01_BodyFromImageDefault\01_BodyFromImageDefault.csproj", "{C1B5C50B-C16D-403D-AAE6-C85DC0994822}"
EndProject
Project("{9A19103F-16F7-4668-BE54-9A1E7A4F7556}") = "02_WholeBodyFromImageDefault", "examples\TutorialApiCpp\02_WholeBodyFromImageDefault\02_WholeBodyFromImageDefault.csproj", "{7B966F97-9031-4BC8-AD83-E3F57798851F}"
EndProject
Project("{9A19103F-16F7-4668-BE54-9A1E7A4F7556}") = "03_KeyPointsFromImage", "examples\TutorialApiCpp\03_KeyPointsFromImage\03_KeyPointsFromImage.csproj", "{097553C8-1832-4674-8B9D-2BA047E2F2C7}"
EndProject
Project("{9A19103F-16F7-4668-BE54-9A1E7A4F7556}") = "01_BodyFromImageDefaultBitmap", "examples\TutorialApiCpp\01_BodyFromImageDefaultBitmap\01_BodyFromImageDefaultBitmap.csproj", "{ADEDD000-7824-4CC2-8E5C-8F33C33B9FA2}"
EndProject
Project("{9A19103F-16F7-4668-BE54-9A1E7A4F7556}") = "01_BodyFromImageDefaultRawImage", "examples\TutorialApiCpp\01_BodyFromImageDefaultRawImage\01_BodyFromImageDefaultRawImage.csproj", "{126298ED-3A37-4FDB-AF5A-F65DBB840995}"
EndProject
Project("{2150E333-8FDC-42A3-9474-1A3956D46DE8}") = "TutorialApiThread", "TutorialApiThread", "{F077BF7B-C200-419C-9947-AA4C8145C2A3}"
EndProject
Project("{9A19103F-16F7-4668-BE54-9A1E7A4F7556}") = "2_ThreadUserInputProcessingOutputAndDatum", "examples\TutorialApiThread\2_ThreadUserInputProcessingOutputAndDatum\2_ThreadUserInputProcessingOutputAndDatum.csproj", "{ADD4C11E-2837-4EAC-BA04-30707ACED31E}"
EndProject
Project("{9A19103F-16F7-4668-BE54-9A1E7A4F7556}") = "1_ThreadUserProcessingFunction", "examples\TutorialApiThread\1_ThreadUserProcessingFunction\1_ThreadUserProcessingFunction.csproj", "{A9161CF6-18DF-4D55-9E51-393216D32EDC}"
EndProject
Project("{9A19103F-16F7-4668-BE54-9A1E7A4F7556}") = "04_KeyPointsFromImages", "examples\TutorialApiCpp\04_KeyPointsFromImages\04_KeyPointsFromImages.csproj", "{07EA647B-A37D-4CD0-ABEB-CE8D504C5D2A}"
EndProject
Project("{9A19103F-16F7-4668-BE54-9A1E7A4F7556}") = "05_KeyPointsFromImagesMultiGPU", "examples\TutorialApiCpp\05_KeyPointsFromImagesMultiGPU\05_KeyPointsFromImagesMultiGPU.csproj", "{B10186BC-B792-49E7-BB28-D147F799161F}"
EndProject
Project("{9A19103F-16F7-4668-BE54-9A1E7A4F7556}") = "06_FaceFromImage", "examples\TutorialApiCpp\06_FaceFromImage\06_FaceFromImage.csproj", "{92B2F31E-BE32-446E-B91F-34990D31B990}"
EndProject
Project("{9A19103F-16F7-4668-BE54-9A1E7A4F7556}") = "07_HandFromImage", "examples\TutorialApiCpp\07_HandFromImage\07_HandFromImage.csproj", "{A3D22180-C9F1-4FE8-81FB-B65B1592E89E}"
EndProject
Project("{9A19103F-16F7-4668-BE54-9A1E7A4F7556}") = "08_HeatmapsFromImage", "examples\TutorialApiCpp\08_HeatmapsFromImage\08_HeatmapsFromImage.csproj", "{64F6C033-F0DA-4F8A-9580-4937FD54D5E4}"
EndProject
Project("{9A19103F-16F7-4668-BE54-9A1E7A4F7556}") = "10_AsynchronousCustomInput", "examples\TutorialApiCpp\10_AsynchronousCustomInput\10_AsynchronousCustomInput.csproj", "{EA0EF1F8-17B5-498E-BEF3-4D0833ABA21C}"
EndProject
Project("{9A19103F-16F7-4668-BE54-9A1E7A4F7556}") = "09_KeyPointsFromHeatmaps", "examples\TutorialApiCpp\09_KeyPointsFromHeatmaps\09_KeyPointsFromHeatmaps.csproj", "{D3D47C51-26C9-4A1C-9D97-AC57E803D085}"
EndProject
Project("{9A19103F-16F7-4668-BE54-9A1E7A4F7556}") = "12_AsynchronousCustomOutput", "examples\TutorialApiCpp\12_AsynchronousCustomOutput\12_AsynchronousCustomOutput.csproj", "{01A9F3B8-8AF9-44F4-9F0D-F00D27407789}"
EndProject
Project("{9A19103F-16F7-4668-BE54-9A1E7A4F7556}") = "13_AsynchronousCustomInputOutputAndDatum", "examples\TutorialApiCpp\13_AsynchronousCustomInputOutputAndDatum\13_AsynchronousCustomInputOutputAndDatum.csproj", "{3E39A034-0D32-4A68-8159-1D0E4EF2F067}"
EndProject
Project("{9A19103F-16F7-4668-BE54-9A1E7A4F7556}") = "14_SynchronousCustomInput", "examples\TutorialApiCpp\14_SynchronousCustomInput\14_SynchronousCustomInput.csproj", "{62AC1961-C6AE-42A5-AE45-E5A6075994EC}"
EndProject
Project("{9A19103F-16F7-4668-BE54-9A1E7A4F7556}") = "15_SynchronousCustomPreProcessing", "examples\TutorialApiCpp\15_SynchronousCustomPreProcessing\15_SynchronousCustomPreProcessing.csproj", "{24205724-33E9-4A77-8269-73603DCC117F}"
EndProject
Project("{9A19103F-16F7-4668-BE54-9A1E7A4F7556}") = "16_SynchronousCustomPostProcessing", "examples\TutorialApiCpp\16_SynchronousCustomPostProcessing\16_SynchronousCustomPostProcessing.csproj", "{9E9CB860-8A73-43C7-911D-BCAC653A144A}"
EndProject
Project("{9A19103F-16F7-4668-BE54-9A1E7A4F7556}") = "17_SynchronousCustomOutput", "examples\TutorialApiCpp\17_SynchronousCustomOutput\17_SynchronousCustomOutput.csproj", "{67CCD5C2-D8F4-432E-8084-8A92EDA43E41}"
EndProject
Project("{9A19103F-16F7-4668-BE54-9A1E7A4F7556}") = "18_SynchronousCustomAllAndDatum", "examples\TutorialApiCpp\18_SynchronousCustomAllAndDatum\18_SynchronousCustomAllAndDatum.csproj", "{62DCA985-002C-41AD-A335-8B95444310BE}"
EndProject
Project("{9A19103F-16F7-4668-BE54-9A1E7A4F7556}") = "11_AsynchronousCustomInputMultiCamera", "examples\TutorialApiCpp\11_AsynchronousCustomInputMultiCamera\11_AsynchronousCustomInputMultiCamera.csproj", "{1CE6B518-D34E-4626-9376-7FFC780EA82D}"
EndProject
Global
	GlobalSection(SolutionConfigurationPlatforms) = preSolution
		Debug|Any CPU = Debug|Any CPU
		Release|Any CPU = Release|Any CPU
	EndGlobalSection
	GlobalSection(ProjectConfigurationPlatforms) = postSolution
		{99763047-1EE3-4804-ADF4-FAF5C2057672}.Debug|Any CPU.ActiveCfg = Debug|Any CPU
		{99763047-1EE3-4804-ADF4-FAF5C2057672}.Debug|Any CPU.Build.0 = Debug|Any CPU
		{99763047-1EE3-4804-ADF4-FAF5C2057672}.Release|Any CPU.ActiveCfg = Release|Any CPU
		{99763047-1EE3-4804-ADF4-FAF5C2057672}.Release|Any CPU.Build.0 = Release|Any CPU
		{98BAFFFB-8FEB-4ECB-81FC-E0C43B350996}.Debug|Any CPU.ActiveCfg = Debug|Any CPU
		{98BAFFFB-8FEB-4ECB-81FC-E0C43B350996}.Debug|Any CPU.Build.0 = Debug|Any CPU
		{98BAFFFB-8FEB-4ECB-81FC-E0C43B350996}.Release|Any CPU.ActiveCfg = Release|Any CPU
		{98BAFFFB-8FEB-4ECB-81FC-E0C43B350996}.Release|Any CPU.Build.0 = Release|Any CPU
		{06D51F05-34B9-4743-93BD-3092C922F306}.Debug|Any CPU.ActiveCfg = Debug|Any CPU
		{06D51F05-34B9-4743-93BD-3092C922F306}.Debug|Any CPU.Build.0 = Debug|Any CPU
		{06D51F05-34B9-4743-93BD-3092C922F306}.Release|Any CPU.ActiveCfg = Release|Any CPU
		{06D51F05-34B9-4743-93BD-3092C922F306}.Release|Any CPU.Build.0 = Release|Any CPU
		{C364DC69-295D-4897-A8F9-27822AEC83DB}.Debug|Any CPU.ActiveCfg = Debug|Any CPU
		{C364DC69-295D-4897-A8F9-27822AEC83DB}.Debug|Any CPU.Build.0 = Debug|Any CPU
		{C364DC69-295D-4897-A8F9-27822AEC83DB}.Release|Any CPU.ActiveCfg = Release|Any CPU
		{C364DC69-295D-4897-A8F9-27822AEC83DB}.Release|Any CPU.Build.0 = Release|Any CPU
		{C1B5C50B-C16D-403D-AAE6-C85DC0994822}.Debug|Any CPU.ActiveCfg = Debug|Any CPU
		{C1B5C50B-C16D-403D-AAE6-C85DC0994822}.Debug|Any CPU.Build.0 = Debug|Any CPU
		{C1B5C50B-C16D-403D-AAE6-C85DC0994822}.Release|Any CPU.ActiveCfg = Release|Any CPU
		{C1B5C50B-C16D-403D-AAE6-C85DC0994822}.Release|Any CPU.Build.0 = Release|Any CPU
		{7B966F97-9031-4BC8-AD83-E3F57798851F}.Debug|Any CPU.ActiveCfg = Debug|Any CPU
		{7B966F97-9031-4BC8-AD83-E3F57798851F}.Debug|Any CPU.Build.0 = Debug|Any CPU
		{7B966F97-9031-4BC8-AD83-E3F57798851F}.Release|Any CPU.ActiveCfg = Release|Any CPU
		{7B966F97-9031-4BC8-AD83-E3F57798851F}.Release|Any CPU.Build.0 = Release|Any CPU
		{097553C8-1832-4674-8B9D-2BA047E2F2C7}.Debug|Any CPU.ActiveCfg = Debug|Any CPU
		{097553C8-1832-4674-8B9D-2BA047E2F2C7}.Debug|Any CPU.Build.0 = Debug|Any CPU
		{097553C8-1832-4674-8B9D-2BA047E2F2C7}.Release|Any CPU.ActiveCfg = Release|Any CPU
		{097553C8-1832-4674-8B9D-2BA047E2F2C7}.Release|Any CPU.Build.0 = Release|Any CPU
		{ADEDD000-7824-4CC2-8E5C-8F33C33B9FA2}.Debug|Any CPU.ActiveCfg = Debug|Any CPU
		{ADEDD000-7824-4CC2-8E5C-8F33C33B9FA2}.Debug|Any CPU.Build.0 = Debug|Any CPU
		{ADEDD000-7824-4CC2-8E5C-8F33C33B9FA2}.Release|Any CPU.ActiveCfg = Release|Any CPU
		{ADEDD000-7824-4CC2-8E5C-8F33C33B9FA2}.Release|Any CPU.Build.0 = Release|Any CPU
		{126298ED-3A37-4FDB-AF5A-F65DBB840995}.Debug|Any CPU.ActiveCfg = Debug|Any CPU
		{126298ED-3A37-4FDB-AF5A-F65DBB840995}.Debug|Any CPU.Build.0 = Debug|Any CPU
		{126298ED-3A37-4FDB-AF5A-F65DBB840995}.Release|Any CPU.ActiveCfg = Release|Any CPU
		{126298ED-3A37-4FDB-AF5A-F65DBB840995}.Release|Any CPU.Build.0 = Release|Any CPU
		{ADD4C11E-2837-4EAC-BA04-30707ACED31E}.Debug|Any CPU.ActiveCfg = Debug|Any CPU
		{ADD4C11E-2837-4EAC-BA04-30707ACED31E}.Debug|Any CPU.Build.0 = Debug|Any CPU
		{ADD4C11E-2837-4EAC-BA04-30707ACED31E}.Release|Any CPU.ActiveCfg = Release|Any CPU
		{ADD4C11E-2837-4EAC-BA04-30707ACED31E}.Release|Any CPU.Build.0 = Release|Any CPU
		{A9161CF6-18DF-4D55-9E51-393216D32EDC}.Debug|Any CPU.ActiveCfg = Debug|Any CPU
		{A9161CF6-18DF-4D55-9E51-393216D32EDC}.Debug|Any CPU.Build.0 = Debug|Any CPU
		{A9161CF6-18DF-4D55-9E51-393216D32EDC}.Release|Any CPU.ActiveCfg = Release|Any CPU
		{A9161CF6-18DF-4D55-9E51-393216D32EDC}.Release|Any CPU.Build.0 = Release|Any CPU
		{07EA647B-A37D-4CD0-ABEB-CE8D504C5D2A}.Debug|Any CPU.ActiveCfg = Debug|Any CPU
		{07EA647B-A37D-4CD0-ABEB-CE8D504C5D2A}.Debug|Any CPU.Build.0 = Debug|Any CPU
		{07EA647B-A37D-4CD0-ABEB-CE8D504C5D2A}.Release|Any CPU.ActiveCfg = Release|Any CPU
		{07EA647B-A37D-4CD0-ABEB-CE8D504C5D2A}.Release|Any CPU.Build.0 = Release|Any CPU
		{B10186BC-B792-49E7-BB28-D147F799161F}.Debug|Any CPU.ActiveCfg = Debug|Any CPU
		{B10186BC-B792-49E7-BB28-D147F799161F}.Debug|Any CPU.Build.0 = Debug|Any CPU
		{B10186BC-B792-49E7-BB28-D147F799161F}.Release|Any CPU.ActiveCfg = Release|Any CPU
		{B10186BC-B792-49E7-BB28-D147F799161F}.Release|Any CPU.Build.0 = Release|Any CPU
		{92B2F31E-BE32-446E-B91F-34990D31B990}.Debug|Any CPU.ActiveCfg = Debug|Any CPU
		{92B2F31E-BE32-446E-B91F-34990D31B990}.Debug|Any CPU.Build.0 = Debug|Any CPU
		{92B2F31E-BE32-446E-B91F-34990D31B990}.Release|Any CPU.ActiveCfg = Release|Any CPU
		{92B2F31E-BE32-446E-B91F-34990D31B990}.Release|Any CPU.Build.0 = Release|Any CPU
		{A3D22180-C9F1-4FE8-81FB-B65B1592E89E}.Debug|Any CPU.ActiveCfg = Debug|Any CPU
		{A3D22180-C9F1-4FE8-81FB-B65B1592E89E}.Debug|Any CPU.Build.0 = Debug|Any CPU
		{A3D22180-C9F1-4FE8-81FB-B65B1592E89E}.Release|Any CPU.ActiveCfg = Release|Any CPU
		{A3D22180-C9F1-4FE8-81FB-B65B1592E89E}.Release|Any CPU.Build.0 = Release|Any CPU
		{64F6C033-F0DA-4F8A-9580-4937FD54D5E4}.Debug|Any CPU.ActiveCfg = Debug|Any CPU
		{64F6C033-F0DA-4F8A-9580-4937FD54D5E4}.Debug|Any CPU.Build.0 = Debug|Any CPU
		{64F6C033-F0DA-4F8A-9580-4937FD54D5E4}.Release|Any CPU.ActiveCfg = Release|Any CPU
		{64F6C033-F0DA-4F8A-9580-4937FD54D5E4}.Release|Any CPU.Build.0 = Release|Any CPU
		{EA0EF1F8-17B5-498E-BEF3-4D0833ABA21C}.Debug|Any CPU.ActiveCfg = Debug|Any CPU
		{EA0EF1F8-17B5-498E-BEF3-4D0833ABA21C}.Debug|Any CPU.Build.0 = Debug|Any CPU
		{EA0EF1F8-17B5-498E-BEF3-4D0833ABA21C}.Release|Any CPU.ActiveCfg = Release|Any CPU
		{EA0EF1F8-17B5-498E-BEF3-4D0833ABA21C}.Release|Any CPU.Build.0 = Release|Any CPU
		{D3D47C51-26C9-4A1C-9D97-AC57E803D085}.Debug|Any CPU.ActiveCfg = Debug|Any CPU
		{D3D47C51-26C9-4A1C-9D97-AC57E803D085}.Debug|Any CPU.Build.0 = Debug|Any CPU
		{D3D47C51-26C9-4A1C-9D97-AC57E803D085}.Release|Any CPU.ActiveCfg = Release|Any CPU
		{D3D47C51-26C9-4A1C-9D97-AC57E803D085}.Release|Any CPU.Build.0 = Release|Any CPU
		{01A9F3B8-8AF9-44F4-9F0D-F00D27407789}.Debug|Any CPU.ActiveCfg = Debug|Any CPU
		{01A9F3B8-8AF9-44F4-9F0D-F00D27407789}.Debug|Any CPU.Build.0 = Debug|Any CPU
		{01A9F3B8-8AF9-44F4-9F0D-F00D27407789}.Release|Any CPU.ActiveCfg = Release|Any CPU
		{01A9F3B8-8AF9-44F4-9F0D-F00D27407789}.Release|Any CPU.Build.0 = Release|Any CPU
		{3E39A034-0D32-4A68-8159-1D0E4EF2F067}.Debug|Any CPU.ActiveCfg = Debug|Any CPU
		{3E39A034-0D32-4A68-8159-1D0E4EF2F067}.Debug|Any CPU.Build.0 = Debug|Any CPU
		{3E39A034-0D32-4A68-8159-1D0E4EF2F067}.Release|Any CPU.ActiveCfg = Release|Any CPU
		{3E39A034-0D32-4A68-8159-1D0E4EF2F067}.Release|Any CPU.Build.0 = Release|Any CPU
		{62AC1961-C6AE-42A5-AE45-E5A6075994EC}.Debug|Any CPU.ActiveCfg = Debug|Any CPU
		{62AC1961-C6AE-42A5-AE45-E5A6075994EC}.Debug|Any CPU.Build.0 = Debug|Any CPU
		{62AC1961-C6AE-42A5-AE45-E5A6075994EC}.Release|Any CPU.ActiveCfg = Release|Any CPU
		{62AC1961-C6AE-42A5-AE45-E5A6075994EC}.Release|Any CPU.Build.0 = Release|Any CPU
		{24205724-33E9-4A77-8269-73603DCC117F}.Debug|Any CPU.ActiveCfg = Debug|Any CPU
		{24205724-33E9-4A77-8269-73603DCC117F}.Debug|Any CPU.Build.0 = Debug|Any CPU
		{24205724-33E9-4A77-8269-73603DCC117F}.Release|Any CPU.ActiveCfg = Release|Any CPU
		{24205724-33E9-4A77-8269-73603DCC117F}.Release|Any CPU.Build.0 = Release|Any CPU
		{9E9CB860-8A73-43C7-911D-BCAC653A144A}.Debug|Any CPU.ActiveCfg = Debug|Any CPU
		{9E9CB860-8A73-43C7-911D-BCAC653A144A}.Debug|Any CPU.Build.0 = Debug|Any CPU
		{9E9CB860-8A73-43C7-911D-BCAC653A144A}.Release|Any CPU.ActiveCfg = Release|Any CPU
		{9E9CB860-8A73-43C7-911D-BCAC653A144A}.Release|Any CPU.Build.0 = Release|Any CPU
		{67CCD5C2-D8F4-432E-8084-8A92EDA43E41}.Debug|Any CPU.ActiveCfg = Debug|Any CPU
		{67CCD5C2-D8F4-432E-8084-8A92EDA43E41}.Debug|Any CPU.Build.0 = Debug|Any CPU
		{67CCD5C2-D8F4-432E-8084-8A92EDA43E41}.Release|Any CPU.ActiveCfg = Release|Any CPU
		{67CCD5C2-D8F4-432E-8084-8A92EDA43E41}.Release|Any CPU.Build.0 = Release|Any CPU
		{62DCA985-002C-41AD-A335-8B95444310BE}.Debug|Any CPU.ActiveCfg = Debug|Any CPU
		{62DCA985-002C-41AD-A335-8B95444310BE}.Debug|Any CPU.Build.0 = Debug|Any CPU
		{62DCA985-002C-41AD-A335-8B95444310BE}.Release|Any CPU.ActiveCfg = Release|Any CPU
		{62DCA985-002C-41AD-A335-8B95444310BE}.Release|Any CPU.Build.0 = Release|Any CPU
		{1CE6B518-D34E-4626-9376-7FFC780EA82D}.Debug|Any CPU.ActiveCfg = Debug|Any CPU
		{1CE6B518-D34E-4626-9376-7FFC780EA82D}.Debug|Any CPU.Build.0 = Debug|Any CPU
		{1CE6B518-D34E-4626-9376-7FFC780EA82D}.Release|Any CPU.ActiveCfg = Release|Any CPU
		{1CE6B518-D34E-4626-9376-7FFC780EA82D}.Release|Any CPU.Build.0 = Release|Any CPU
	EndGlobalSection
	GlobalSection(SolutionProperties) = preSolution
		HideSolutionNode = FALSE
	EndGlobalSection
	GlobalSection(NestedProjects) = preSolution
		{99763047-1EE3-4804-ADF4-FAF5C2057672} = {4BB280BB-984E-45EB-BA07-FA9D0FC33C99}
		{98BAFFFB-8FEB-4ECB-81FC-E0C43B350996} = {D27EF7A1-857E-4475-9ABE-66060D67D0A2}
		{9636645D-A6CD-44A2-B8B0-C3EA476F047F} = {80F0C80F-FB14-4064-BA6A-13999DF04660}
		{06D51F05-34B9-4743-93BD-3092C922F306} = {80F0C80F-FB14-4064-BA6A-13999DF04660}
		{A36BBD14-61FC-4E14-92A5-6130781D9AD6} = {80F0C80F-FB14-4064-BA6A-13999DF04660}
		{C364DC69-295D-4897-A8F9-27822AEC83DB} = {A36BBD14-61FC-4E14-92A5-6130781D9AD6}
		{C1B5C50B-C16D-403D-AAE6-C85DC0994822} = {9636645D-A6CD-44A2-B8B0-C3EA476F047F}
		{7B966F97-9031-4BC8-AD83-E3F57798851F} = {9636645D-A6CD-44A2-B8B0-C3EA476F047F}
		{097553C8-1832-4674-8B9D-2BA047E2F2C7} = {9636645D-A6CD-44A2-B8B0-C3EA476F047F}
		{ADEDD000-7824-4CC2-8E5C-8F33C33B9FA2} = {9636645D-A6CD-44A2-B8B0-C3EA476F047F}
		{126298ED-3A37-4FDB-AF5A-F65DBB840995} = {9636645D-A6CD-44A2-B8B0-C3EA476F047F}
		{F077BF7B-C200-419C-9947-AA4C8145C2A3} = {80F0C80F-FB14-4064-BA6A-13999DF04660}
		{ADD4C11E-2837-4EAC-BA04-30707ACED31E} = {F077BF7B-C200-419C-9947-AA4C8145C2A3}
		{A9161CF6-18DF-4D55-9E51-393216D32EDC} = {F077BF7B-C200-419C-9947-AA4C8145C2A3}
		{07EA647B-A37D-4CD0-ABEB-CE8D504C5D2A} = {9636645D-A6CD-44A2-B8B0-C3EA476F047F}
		{B10186BC-B792-49E7-BB28-D147F799161F} = {9636645D-A6CD-44A2-B8B0-C3EA476F047F}
		{92B2F31E-BE32-446E-B91F-34990D31B990} = {9636645D-A6CD-44A2-B8B0-C3EA476F047F}
		{A3D22180-C9F1-4FE8-81FB-B65B1592E89E} = {9636645D-A6CD-44A2-B8B0-C3EA476F047F}
		{64F6C033-F0DA-4F8A-9580-4937FD54D5E4} = {9636645D-A6CD-44A2-B8B0-C3EA476F047F}
		{EA0EF1F8-17B5-498E-BEF3-4D0833ABA21C} = {9636645D-A6CD-44A2-B8B0-C3EA476F047F}
		{D3D47C51-26C9-4A1C-9D97-AC57E803D085} = {9636645D-A6CD-44A2-B8B0-C3EA476F047F}
		{01A9F3B8-8AF9-44F4-9F0D-F00D27407789} = {9636645D-A6CD-44A2-B8B0-C3EA476F047F}
		{3E39A034-0D32-4A68-8159-1D0E4EF2F067} = {9636645D-A6CD-44A2-B8B0-C3EA476F047F}
		{62AC1961-C6AE-42A5-AE45-E5A6075994EC} = {9636645D-A6CD-44A2-B8B0-C3EA476F047F}
		{24205724-33E9-4A77-8269-73603DCC117F} = {9636645D-A6CD-44A2-B8B0-C3EA476F047F}
		{9E9CB860-8A73-43C7-911D-BCAC653A144A} = {9636645D-A6CD-44A2-B8B0-C3EA476F047F}
		{67CCD5C2-D8F4-432E-8084-8A92EDA43E41} = {9636645D-A6CD-44A2-B8B0-C3EA476F047F}
		{62DCA985-002C-41AD-A335-8B95444310BE} = {9636645D-A6CD-44A2-B8B0-C3EA476F047F}
		{1CE6B518-D34E-4626-9376-7FFC780EA82D} = {9636645D-A6CD-44A2-B8B0-C3EA476F047F}
	EndGlobalSection
	GlobalSection(ExtensibilityGlobals) = postSolution
		SolutionGuid = {9D8118C7-92BF-487E-83ED-EFB9BF807E08}
	EndGlobalSection
EndGlobal
